// !$*UTF8*$!
{
	archiveVersion = 1;
	classes = {
	};
	objectVersion = 56;
	objects = {

/* Begin PBXBuildFile section */
		6343C1422B7E8AD0001E62B8 /* viewComposition_Demo.swift in Sources */ = {isa = PBXBuildFile; fileRef = 6343C1412B7E8AD0001E62B8 /* viewComposition_Demo.swift */; };
		6343C1442B7E8D05001E62B8 /* CustomModifiers_Demo.swift in Sources */ = {isa = PBXBuildFile; fileRef = 6343C1432B7E8D05001E62B8 /* CustomModifiers_Demo.swift */; };
		6343C1472B7E949E001E62B8 /* CustomContainers_Demo.swift in Sources */ = {isa = PBXBuildFile; fileRef = 6343C1462B7E949E001E62B8 /* CustomContainers_Demo.swift */; };
		63D15C6C2B755AB900CF3DD9 /* iOS2_Day3App.swift in Sources */ = {isa = PBXBuildFile; fileRef = 63D15C6B2B755AB900CF3DD9 /* iOS2_Day3App.swift */; };
		63D15C6E2B755AB900CF3DD9 /* ContentView.swift in Sources */ = {isa = PBXBuildFile; fileRef = 63D15C6D2B755AB900CF3DD9 /* ContentView.swift */; };
		63D15C702B755ABA00CF3DD9 /* Assets.xcassets in Resources */ = {isa = PBXBuildFile; fileRef = 63D15C6F2B755ABA00CF3DD9 /* Assets.xcassets */; };
		63D15C732B755ABA00CF3DD9 /* Preview Assets.xcassets in Resources */ = {isa = PBXBuildFile; fileRef = 63D15C722B755ABA00CF3DD9 /* Preview Assets.xcassets */; };
		63D15C7A2B755CBE00CF3DD9 /* Struct_Demo.swift in Sources */ = {isa = PBXBuildFile; fileRef = 63D15C792B755CBE00CF3DD9 /* Struct_Demo.swift */; };
		63D15C7C2B75608100CF3DD9 /* BehindTheView_Demo.swift in Sources */ = {isa = PBXBuildFile; fileRef = 63D15C7B2B75608100CF3DD9 /* BehindTheView_Demo.swift */; };
		63D15C7E2B7561B900CF3DD9 /* ModifierOrder_Demo.swift in Sources */ = {isa = PBXBuildFile; fileRef = 63D15C7D2B7561B900CF3DD9 /* ModifierOrder_Demo.swift */; };
		63D15C822B7566B000CF3DD9 /* ConditionalModifier_Demo.swift in Sources */ = {isa = PBXBuildFile; fileRef = 63D15C812B7566B000CF3DD9 /* ConditionalModifier_Demo.swift */; };
/* End PBXBuildFile section */

/* Begin PBXFileReference section */
		6343C1412B7E8AD0001E62B8 /* viewComposition_Demo.swift */ = {isa = PBXFileReference; lastKnownFileType = sourcecode.swift; path = viewComposition_Demo.swift; sourceTree = "<group>"; };
		6343C1432B7E8D05001E62B8 /* CustomModifiers_Demo.swift */ = {isa = PBXFileReference; lastKnownFileType = sourcecode.swift; path = CustomModifiers_Demo.swift; sourceTree = "<group>"; };
		6343C1452B7E9289001E62B8 /* NotesOnExtensions.md */ = {isa = PBXFileReference; lastKnownFileType = net.daringfireball.markdown; path = NotesOnExtensions.md; sourceTree = "<group>"; };
		6343C1462B7E949E001E62B8 /* CustomContainers_Demo.swift */ = {isa = PBXFileReference; lastKnownFileType = sourcecode.swift; path = CustomContainers_Demo.swift; sourceTree = "<group>"; };
		63D15C682B755AB900CF3DD9 /* iOS2-Day3.app */ = {isa = PBXFileReference; explicitFileType = wrapper.application; includeInIndex = 0; path = "iOS2-Day3.app"; sourceTree = BUILT_PRODUCTS_DIR; };
		63D15C6B2B755AB900CF3DD9 /* iOS2_Day3App.swift */ = {isa = PBXFileReference; lastKnownFileType = sourcecode.swift; path = iOS2_Day3App.swift; sourceTree = "<group>"; };
		63D15C6D2B755AB900CF3DD9 /* ContentView.swift */ = {isa = PBXFileReference; lastKnownFileType = sourcecode.swift; path = ContentView.swift; sourceTree = "<group>"; };
		63D15C6F2B755ABA00CF3DD9 /* Assets.xcassets */ = {isa = PBXFileReference; lastKnownFileType = folder.assetcatalog; path = Assets.xcassets; sourceTree = "<group>"; };
		63D15C722B755ABA00CF3DD9 /* Preview Assets.xcassets */ = {isa = PBXFileReference; lastKnownFileType = folder.assetcatalog; path = "Preview Assets.xcassets"; sourceTree = "<group>"; };
		63D15C792B755CBE00CF3DD9 /* Struct_Demo.swift */ = {isa = PBXFileReference; lastKnownFileType = sourcecode.swift; path = Struct_Demo.swift; sourceTree = "<group>"; };
		63D15C7B2B75608100CF3DD9 /* BehindTheView_Demo.swift */ = {isa = PBXFileReference; lastKnownFileType = sourcecode.swift; path = BehindTheView_Demo.swift; sourceTree = "<group>"; };
		63D15C7D2B7561B900CF3DD9 /* ModifierOrder_Demo.swift */ = {isa = PBXFileReference; lastKnownFileType = sourcecode.swift; path = ModifierOrder_Demo.swift; sourceTree = "<group>"; };
		63D15C812B7566B000CF3DD9 /* ConditionalModifier_Demo.swift */ = {isa = PBXFileReference; lastKnownFileType = sourcecode.swift; path = ConditionalModifier_Demo.swift; sourceTree = "<group>"; };
/* End PBXFileReference section */

/* Begin PBXFrameworksBuildPhase section */
		63D15C652B755AB900CF3DD9 /* Frameworks */ = {
			isa = PBXFrameworksBuildPhase;
			buildActionMask = 2147483647;
			files = (
			);
			runOnlyForDeploymentPostprocessing = 0;
		};
/* End PBXFrameworksBuildPhase section */

/* Begin PBXGroup section */
		63D15C5F2B755AB900CF3DD9 = {
			isa = PBXGroup;
			children = (
				63D15C6A2B755AB900CF3DD9 /* iOS2-Day3 */,
				63D15C692B755AB900CF3DD9 /* Products */,
			);
			sourceTree = "<group>";
		};
		63D15C692B755AB900CF3DD9 /* Products */ = {
			isa = PBXGroup;
			children = (
				63D15C682B755AB900CF3DD9 /* iOS2-Day3.app */,
			);
			name = Products;
			sourceTree = "<group>";
		};
		63D15C6A2B755AB900CF3DD9 /* iOS2-Day3 */ = {
			isa = PBXGroup;
			children = (
				63D15C812B7566B000CF3DD9 /* ConditionalModifier_Demo.swift */,
				63D15C7D2B7561B900CF3DD9 /* ModifierOrder_Demo.swift */,
				63D15C7B2B75608100CF3DD9 /* BehindTheView_Demo.swift */,
				63D15C792B755CBE00CF3DD9 /* Struct_Demo.swift */,
				63D15C6D2B755AB900CF3DD9 /* ContentView.swift */,
				63D15C6B2B755AB900CF3DD9 /* iOS2_Day3App.swift */,
				6343C1412B7E8AD0001E62B8 /* viewComposition_Demo.swift */,
				6343C1432B7E8D05001E62B8 /* CustomModifiers_Demo.swift */,
				6343C1462B7E949E001E62B8 /* CustomContainers_Demo.swift */,
				6343C1452B7E9289001E62B8 /* NotesOnExtensions.md */,
				63D15C6F2B755ABA00CF3DD9 /* Assets.xcassets */,
				63D15C712B755ABA00CF3DD9 /* Preview Content */,
			);
			path = "iOS2-Day3";
			sourceTree = "<group>";
		};
		63D15C712B755ABA00CF3DD9 /* Preview Content */ = {
			isa = PBXGroup;
			children = (
				63D15C722B755ABA00CF3DD9 /* Preview Assets.xcassets */,
			);
			path = "Preview Content";
			sourceTree = "<group>";
		};
/* End PBXGroup section */

/* Begin PBXNativeTarget section */
		63D15C672B755AB900CF3DD9 /* iOS2-Day3 */ = {
			isa = PBXNativeTarget;
			buildConfigurationList = 63D15C762B755ABA00CF3DD9 /* Build configuration list for PBXNativeTarget "iOS2-Day3" */;
			buildPhases = (
				63D15C642B755AB900CF3DD9 /* Sources */,
				63D15C652B755AB900CF3DD9 /* Frameworks */,
				63D15C662B755AB900CF3DD9 /* Resources */,
			);
			buildRules = (
			);
			dependencies = (
			);
			name = "iOS2-Day3";
			productName = "iOS2-Day3";
			productReference = 63D15C682B755AB900CF3DD9 /* iOS2-Day3.app */;
			productType = "com.apple.product-type.application";
		};
/* End PBXNativeTarget section */

/* Begin PBXProject section */
		63D15C602B755AB900CF3DD9 /* Project object */ = {
			isa = PBXProject;
			attributes = {
				BuildIndependentTargetsInParallel = 1;
				LastSwiftUpdateCheck = 1520;
				LastUpgradeCheck = 1520;
				TargetAttributes = {
					63D15C672B755AB900CF3DD9 = {
						CreatedOnToolsVersion = 15.2;
					};
				};
			};
			buildConfigurationList = 63D15C632B755AB900CF3DD9 /* Build configuration list for PBXProject "iOS2-Day3" */;
			compatibilityVersion = "Xcode 14.0";
			developmentRegion = en;
			hasScannedForEncodings = 0;
			knownRegions = (
				en,
				Base,
			);
			mainGroup = 63D15C5F2B755AB900CF3DD9;
			productRefGroup = 63D15C692B755AB900CF3DD9 /* Products */;
			projectDirPath = "";
			projectRoot = "";
			targets = (
				63D15C672B755AB900CF3DD9 /* iOS2-Day3 */,
			);
		};
/* End PBXProject section */

/* Begin PBXResourcesBuildPhase section */
		63D15C662B755AB900CF3DD9 /* Resources */ = {
			isa = PBXResourcesBuildPhase;
			buildActionMask = 2147483647;
			files = (
				63D15C732B755ABA00CF3DD9 /* Preview Assets.xcassets in Resources */,
				63D15C702B755ABA00CF3DD9 /* Assets.xcassets in Resources */,
			);
			runOnlyForDeploymentPostprocessing = 0;
		};
/* End PBXResourcesBuildPhase section */

/* Begin PBXSourcesBuildPhase section */
		63D15C642B755AB900CF3DD9 /* Sources */ = {
			isa = PBXSourcesBuildPhase;
			buildActionMask = 2147483647;
			files = (
				63D15C6E2B755AB900CF3DD9 /* ContentView.swift in Sources */,
				63D15C822B7566B000CF3DD9 /* ConditionalModifier_Demo.swift in Sources */,
				63D15C7E2B7561B900CF3DD9 /* ModifierOrder_Demo.swift in Sources */,
				63D15C7C2B75608100CF3DD9 /* BehindTheView_Demo.swift in Sources */,
				6343C1422B7E8AD0001E62B8 /* viewComposition_Demo.swift in Sources */,
				63D15C6C2B755AB900CF3DD9 /* iOS2_Day3App.swift in Sources */,
				6343C1442B7E8D05001E62B8 /* CustomModifiers_Demo.swift in Sources */,
				63D15C7A2B755CBE00CF3DD9 /* Struct_Demo.swift in Sources */,
				6343C1472B7E949E001E62B8 /* CustomContainers_Demo.swift in Sources */,
			);
			runOnlyForDeploymentPostprocessing = 0;
		};
/* End PBXSourcesBuildPhase section */

/* Begin XCBuildConfiguration section */
		63D15C742B755ABA00CF3DD9 /* Debug */ = {
			isa = XCBuildConfiguration;
			buildSettings = {
				ALWAYS_SEARCH_USER_PATHS = NO;
				ASSETCATALOG_COMPILER_GENERATE_SWIFT_ASSET_SYMBOL_EXTENSIONS = YES;
				CLANG_ANALYZER_NONNULL = YES;
				CLANG_ANALYZER_NUMBER_OBJECT_CONVERSION = YES_AGGRESSIVE;
				CLANG_CXX_LANGUAGE_STANDARD = "gnu++20";
				CLANG_ENABLE_MODULES = YES;
				CLANG_ENABLE_OBJC_ARC = YES;
				CLANG_ENABLE_OBJC_WEAK = YES;
				CLANG_WARN_BLOCK_CAPTURE_AUTORELEASING = YES;
				CLANG_WARN_BOOL_CONVERSION = YES;
				CLANG_WARN_COMMA = YES;
				CLANG_WARN_CONSTANT_CONVERSION = YES;
				CLANG_WARN_DEPRECATED_OBJC_IMPLEMENTATIONS = YES;
				CLANG_WARN_DIRECT_OBJC_ISA_USAGE = YES_ERROR;
				CLANG_WARN_DOCUMENTATION_COMMENTS = YES;
				CLANG_WARN_EMPTY_BODY = YES;
				CLANG_WARN_ENUM_CONVERSION = YES;
				CLANG_WARN_INFINITE_RECURSION = YES;
				CLANG_WARN_INT_CONVERSION = YES;
				CLANG_WARN_NON_LITERAL_NULL_CONVERSION = YES;
				CLANG_WARN_OBJC_IMPLICIT_RETAIN_SELF = YES;
				CLANG_WARN_OBJC_LITERAL_CONVERSION = YES;
				CLANG_WARN_OBJC_ROOT_CLASS = YES_ERROR;
				CLANG_WARN_QUOTED_INCLUDE_IN_FRAMEWORK_HEADER = YES;
				CLANG_WARN_RANGE_LOOP_ANALYSIS = YES;
				CLANG_WARN_STRICT_PROTOTYPES = YES;
				CLANG_WARN_SUSPICIOUS_MOVE = YES;
				CLANG_WARN_UNGUARDED_AVAILABILITY = YES_AGGRESSIVE;
				CLANG_WARN_UNREACHABLE_CODE = YES;
				CLANG_WARN__DUPLICATE_METHOD_MATCH = YES;
				COPY_PHASE_STRIP = NO;
				DEBUG_INFORMATION_FORMAT = dwarf;
				ENABLE_STRICT_OBJC_MSGSEND = YES;
				ENABLE_TESTABILITY = YES;
				ENABLE_USER_SCRIPT_SANDBOXING = YES;
				GCC_C_LANGUAGE_STANDARD = gnu17;
				GCC_DYNAMIC_NO_PIC = NO;
				GCC_NO_COMMON_BLOCKS = YES;
				GCC_OPTIMIZATION_LEVEL = 0;
				GCC_PREPROCESSOR_DEFINITIONS = (
					"DEBUG=1",
					"$(inherited)",
				);
				GCC_WARN_64_TO_32_BIT_CONVERSION = YES;
				GCC_WARN_ABOUT_RETURN_TYPE = YES_ERROR;
				GCC_WARN_UNDECLARED_SELECTOR = YES;
				GCC_WARN_UNINITIALIZED_AUTOS = YES_AGGRESSIVE;
				GCC_WARN_UNUSED_FUNCTION = YES;
				GCC_WARN_UNUSED_VARIABLE = YES;
				IPHONEOS_DEPLOYMENT_TARGET = 17.2;
				LOCALIZATION_PREFERS_STRING_CATALOGS = YES;
				MTL_ENABLE_DEBUG_INFO = INCLUDE_SOURCE;
				MTL_FAST_MATH = YES;
				ONLY_ACTIVE_ARCH = YES;
				SDKROOT = iphoneos;
				SWIFT_ACTIVE_COMPILATION_CONDITIONS = "DEBUG $(inherited)";
				SWIFT_OPTIMIZATION_LEVEL = "-Onone";
			};
			name = Debug;
		};
		63D15C752B755ABA00CF3DD9 /* Release */ = {
			isa = XCBuildConfiguration;
			buildSettings = {
				ALWAYS_SEARCH_USER_PATHS = NO;
				ASSETCATALOG_COMPILER_GENERATE_SWIFT_ASSET_SYMBOL_EXTENSIONS = YES;
				CLANG_ANALYZER_NONNULL = YES;
				CLANG_ANALYZER_NUMBER_OBJECT_CONVERSION = YES_AGGRESSIVE;
				CLANG_CXX_LANGUAGE_STANDARD = "gnu++20";
				CLANG_ENABLE_MODULES = YES;
				CLANG_ENABLE_OBJC_ARC = YES;
				CLANG_ENABLE_OBJC_WEAK = YES;
				CLANG_WARN_BLOCK_CAPTURE_AUTORELEASING = YES;
				CLANG_WARN_BOOL_CONVERSION = YES;
				CLANG_WARN_COMMA = YES;
				CLANG_WARN_CONSTANT_CONVERSION = YES;
				CLANG_WARN_DEPRECATED_OBJC_IMPLEMENTATIONS = YES;
				CLANG_WARN_DIRECT_OBJC_ISA_USAGE = YES_ERROR;
				CLANG_WARN_DOCUMENTATION_COMMENTS = YES;
				CLANG_WARN_EMPTY_BODY = YES;
				CLANG_WARN_ENUM_CONVERSION = YES;
				CLANG_WARN_INFINITE_RECURSION = YES;
				CLANG_WARN_INT_CONVERSION = YES;
				CLANG_WARN_NON_LITERAL_NULL_CONVERSION = YES;
				CLANG_WARN_OBJC_IMPLICIT_RETAIN_SELF = YES;
				CLANG_WARN_OBJC_LITERAL_CONVERSION = YES;
				CLANG_WARN_OBJC_ROOT_CLASS = YES_ERROR;
				CLANG_WARN_QUOTED_INCLUDE_IN_FRAMEWORK_HEADER = YES;
				CLANG_WARN_RANGE_LOOP_ANALYSIS = YES;
				CLANG_WARN_STRICT_PROTOTYPES = YES;
				CLANG_WARN_SUSPICIOUS_MOVE = YES;
				CLANG_WARN_UNGUARDED_AVAILABILITY = YES_AGGRESSIVE;
				CLANG_WARN_UNREACHABLE_CODE = YES;
				CLANG_WARN__DUPLICATE_METHOD_MATCH = YES;
				COPY_PHASE_STRIP = NO;
				DEBUG_INFORMATION_FORMAT = "dwarf-with-dsym";
				ENABLE_NS_ASSERTIONS = NO;
				ENABLE_STRICT_OBJC_MSGSEND = YES;
				ENABLE_USER_SCRIPT_SANDBOXING = YES;
				GCC_C_LANGUAGE_STANDARD = gnu17;
				GCC_NO_COMMON_BLOCKS = YES;
				GCC_WARN_64_TO_32_BIT_CONVERSION = YES;
				GCC_WARN_ABOUT_RETURN_TYPE = YES_ERROR;
				GCC_WARN_UNDECLARED_SELECTOR = YES;
				GCC_WARN_UNINITIALIZED_AUTOS = YES_AGGRESSIVE;
				GCC_WARN_UNUSED_FUNCTION = YES;
				GCC_WARN_UNUSED_VARIABLE = YES;
				IPHONEOS_DEPLOYMENT_TARGET = 17.2;
				LOCALIZATION_PREFERS_STRING_CATALOGS = YES;
				MTL_ENABLE_DEBUG_INFO = NO;
				MTL_FAST_MATH = YES;
				SDKROOT = iphoneos;
				SWIFT_COMPILATION_MODE = wholemodule;
				VALIDATE_PRODUCT = YES;
			};
			name = Release;
		};
		63D15C772B755ABA00CF3DD9 /* Debug */ = {
			isa = XCBuildConfiguration;
			buildSettings = {
				ASSETCATALOG_COMPILER_APPICON_NAME = AppIcon;
				ASSETCATALOG_COMPILER_GLOBAL_ACCENT_COLOR_NAME = AccentColor;
				CODE_SIGN_STYLE = Automatic;
				CURRENT_PROJECT_VERSION = 1;
				DEVELOPMENT_ASSET_PATHS = "\"iOS2-Day3/Preview Content\"";
				DEVELOPMENT_TEAM = 2U5HWYM4LU;
				ENABLE_PREVIEWS = YES;
				GENERATE_INFOPLIST_FILE = YES;
				INFOPLIST_KEY_UIApplicationSceneManifest_Generation = YES;
				INFOPLIST_KEY_UIApplicationSupportsIndirectInputEvents = YES;
				INFOPLIST_KEY_UILaunchScreen_Generation = YES;
				INFOPLIST_KEY_UISupportedInterfaceOrientations_iPad = "UIInterfaceOrientationPortrait UIInterfaceOrientationPortraitUpsideDown UIInterfaceOrientationLandscapeLeft UIInterfaceOrientationLandscapeRight";
				INFOPLIST_KEY_UISupportedInterfaceOrientations_iPhone = "UIInterfaceOrientationPortrait UIInterfaceOrientationLandscapeLeft UIInterfaceOrientationLandscapeRight";
				LD_RUNPATH_SEARCH_PATHS = (
					"$(inherited)",
					"@executable_path/Frameworks",
				);
				MARKETING_VERSION = 1.0;
				PRODUCT_BUNDLE_IDENTIFIER = "JTC.iOS2-Day3";
				PRODUCT_NAME = "$(TARGET_NAME)";
				SWIFT_EMIT_LOC_STRINGS = YES;
				SWIFT_VERSION = 5.0;
				TARGETED_DEVICE_FAMILY = "1,2";
			};
			name = Debug;
		};
		63D15C782B755ABA00CF3DD9 /* Release */ = {
			isa = XCBuildConfiguration;
			buildSettings = {
				ASSETCATALOG_COMPILER_APPICON_NAME = AppIcon;
				ASSETCATALOG_COMPILER_GLOBAL_ACCENT_COLOR_NAME = AccentColor;
				CODE_SIGN_STYLE = Automatic;
				CURRENT_PROJECT_VERSION = 1;
				DEVELOPMENT_ASSET_PATHS = "\"iOS2-Day3/Preview Content\"";
				DEVELOPMENT_TEAM = 2U5HWYM4LU;
				ENABLE_PREVIEWS = YES;
				GENERATE_INFOPLIST_FILE = YES;
				INFOPLIST_KEY_UIApplicationSceneManifest_Generation = YES;
				INFOPLIST_KEY_UIApplicationSupportsIndirectInputEvents = YES;
				INFOPLIST_KEY_UILaunchScreen_Generation = YES;
				INFOPLIST_KEY_UISupportedInterfaceOrientations_iPad = "UIInterfaceOrientationPortrait UIInterfaceOrientationPortraitUpsideDown UIInterfaceOrientationLandscapeLeft UIInterfaceOrientationLandscapeRight";
				INFOPLIST_KEY_UISupportedInterfaceOrientations_iPhone = "UIInterfaceOrientationPortrait UIInterfaceOrientationLandscapeLeft UIInterfaceOrientationLandscapeRight";
				LD_RUNPATH_SEARCH_PATHS = (
					"$(inherited)",
					"@executable_path/Frameworks",
				);
				MARKETING_VERSION = 1.0;
				PRODUCT_BUNDLE_IDENTIFIER = "JTC.iOS2-Day3";
				PRODUCT_NAME = "$(TARGET_NAME)";
				SWIFT_EMIT_LOC_STRINGS = YES;
				SWIFT_VERSION = 5.0;
				TARGETED_DEVICE_FAMILY = "1,2";
			};
			name = Release;
		};
/* End XCBuildConfiguration section */

/* Begin XCConfigurationList section */
		63D15C632B755AB900CF3DD9 /* Build configuration list for PBXProject "iOS2-Day3" */ = {
			isa = XCConfigurationList;
			buildConfigurations = (
				63D15C742B755ABA00CF3DD9 /* Debug */,
				63D15C752B755ABA00CF3DD9 /* Release */,
			);
			defaultConfigurationIsVisible = 0;
			defaultConfigurationName = Release;
		};
		63D15C762B755ABA00CF3DD9 /* Build configuration list for PBXNativeTarget "iOS2-Day3" */ = {
			isa = XCConfigurationList;
			buildConfigurations = (
				63D15C772B755ABA00CF3DD9 /* Debug */,
				63D15C782B755ABA00CF3DD9 /* Release */,
			);
			defaultConfigurationIsVisible = 0;
			defaultConfigurationName = Release;
		};
/* End XCConfigurationList section */
	};
	rootObject = 63D15C602B755AB900CF3DD9 /* Project object */;
}
